
Microsoft Visual Studio Solution File, Format Version 12.00
# Visual Studio Version 16
VisualStudioVersion = 16.0.30804.86
MinimumVisualStudioVersion = 10.0.40219.1
Project("{2150E333-8FDC-42A3-9474-1A3956D46DE8}") = "SiloA", "SiloA", "{54543C6A-FC28-4009-A880-6D1C292DA880}"
EndProject
Project("{2150E333-8FDC-42A3-9474-1A3956D46DE8}") = "SiloB", "SiloB", "{B6C78945-2FDD-4B81-96A8-F6F9D2F4100B}"
EndProject
Project("{2150E333-8FDC-42A3-9474-1A3956D46DE8}") = "Protectorate", "Protectorate", "{42C446D4-D466-428B-9C1A-AE5F4D64B16B}"
EndProject
Project("{9A19103F-16F7-4668-BE54-9A1E7A4F7556}") = "Protectorate", "Protectorate\Protectorate\Protectorate.csproj", "{A8B2D4A8-42EC-4488-80A3-2936976366B2}"
EndProject
Project("{FAE04EC0-301F-11D3-BF4B-00C04F79EFBC}") = "SiloA.Grains", "SiloA\SiloA.Grains\SiloA.Grains.csproj", "{42C82FBB-3C9B-469E-A5B1-2C394646895C}"
EndProject
Project("{FAE04EC0-301F-11D3-BF4B-00C04F79EFBC}") = "SiloB.Grains", "SiloB\SiloB.Grains\SiloB.Grains.csproj", "{6B1E2B33-2F9B-4147-8BA3-2B65C5C959FA}"
EndProject
Project("{9A19103F-16F7-4668-BE54-9A1E7A4F7556}") = "Protectorate.Grain", "Protectorate\Protectorate.Grain\Protectorate.Grain.csproj", "{0DCF98DF-DED0-4974-976F-F4540E933D28}"
EndProject
Project("{9A19103F-16F7-4668-BE54-9A1E7A4F7556}") = "SiloA.Host", "SiloA\SiloA.Host\SiloA.Host.csproj", "{D64D12C6-B031-4388-8809-9A9426A262D1}"
EndProject
Project("{9A19103F-16F7-4668-BE54-9A1E7A4F7556}") = "SiloA.Interfaces", "SiloA\SiloA.Interfaces\SiloA.Interfaces.csproj", "{C7C8341E-EB3F-4C7D-B59D-4A7F81BB7F25}"
EndProject
Project("{9A19103F-16F7-4668-BE54-9A1E7A4F7556}") = "SiloB.Host", "SiloB\SiloB.Host\SiloB.Host.csproj", "{3521A940-69EC-4E4C-B384-32D3E8E7E355}"
EndProject
Project("{9A19103F-16F7-4668-BE54-9A1E7A4F7556}") = "SiloB.Interfaces", "SiloB\SiloB.Interfaces\SiloB.Interfaces.csproj", "{08FD1F12-1412-4E33-BA84-341B30390613}"
EndProject
Project("{9A19103F-16F7-4668-BE54-9A1E7A4F7556}") = "Protectorate.Interfaces", "Protectorate\Protectorate.Interfaces\Protectorate.Interfaces.csproj", "{DC689AC3-F897-4B95-9DDD-465AF1A3ACF2}"
EndProject
Project("{2150E333-8FDC-42A3-9474-1A3956D46DE8}") = "Solution Items", "Solution Items", "{73CD9B8C-FABA-4DBB-A64A-0A508BE046AA}"
	ProjectSection(SolutionItems) = preProject
		Directory.Build.props = Directory.Build.props
	EndProjectSection
EndProject
Project("{FAE04EC0-301F-11D3-BF4B-00C04F79EFBC}") = "Events", "Common\Events\Events.csproj", "{88AE4F0D-1FF3-4DA1-9A7F-87AB83729413}"
EndProject
Project("{2150E333-8FDC-42A3-9474-1A3956D46DE8}") = "Common", "Common", "{E6055B4B-FF02-4257-9052-6CEDE60952B7}"
EndProject
Project("{2150E333-8FDC-42A3-9474-1A3956D46DE8}") = "Protos", "Protos", "{581B9F69-B989-4DA6-85A6-97B06242248A}"
	ProjectSection(SolutionItems) = preProject
		Common\Protos\protector.proto = Common\Protos\protector.proto
	EndProjectSection
EndProject
Project("{9A19103F-16F7-4668-BE54-9A1E7A4F7556}") = "Config", "Common\Config\Config.csproj", "{564CF1B6-43E9-4572-82DF-DF415FF6F0A2}"
EndProject
Global
	GlobalSection(SolutionConfigurationPlatforms) = preSolution
		Debug|Any CPU = Debug|Any CPU
		Release|Any CPU = Release|Any CPU
	EndGlobalSection
	GlobalSection(ProjectConfigurationPlatforms) = postSolution
		{A8B2D4A8-42EC-4488-80A3-2936976366B2}.Debug|Any CPU.ActiveCfg = Debug|Any CPU
		{A8B2D4A8-42EC-4488-80A3-2936976366B2}.Debug|Any CPU.Build.0 = Debug|Any CPU
		{A8B2D4A8-42EC-4488-80A3-2936976366B2}.Release|Any CPU.ActiveCfg = Release|Any CPU
		{A8B2D4A8-42EC-4488-80A3-2936976366B2}.Release|Any CPU.Build.0 = Release|Any CPU
		{42C82FBB-3C9B-469E-A5B1-2C394646895C}.Debug|Any CPU.ActiveCfg = Debug|Any CPU
		{42C82FBB-3C9B-469E-A5B1-2C394646895C}.Debug|Any CPU.Build.0 = Debug|Any CPU
		{42C82FBB-3C9B-469E-A5B1-2C394646895C}.Release|Any CPU.ActiveCfg = Release|Any CPU
		{42C82FBB-3C9B-469E-A5B1-2C394646895C}.Release|Any CPU.Build.0 = Release|Any CPU
		{6B1E2B33-2F9B-4147-8BA3-2B65C5C959FA}.Debug|Any CPU.ActiveCfg = Debug|Any CPU
		{6B1E2B33-2F9B-4147-8BA3-2B65C5C959FA}.Debug|Any CPU.Build.0 = Debug|Any CPU
		{6B1E2B33-2F9B-4147-8BA3-2B65C5C959FA}.Release|Any CPU.ActiveCfg = Release|Any CPU
		{6B1E2B33-2F9B-4147-8BA3-2B65C5C959FA}.Release|Any CPU.Build.0 = Release|Any CPU
		{0DCF98DF-DED0-4974-976F-F4540E933D28}.Debug|Any CPU.ActiveCfg = Debug|Any CPU
		{0DCF98DF-DED0-4974-976F-F4540E933D28}.Debug|Any CPU.Build.0 = Debug|Any CPU
		{0DCF98DF-DED0-4974-976F-F4540E933D28}.Release|Any CPU.ActiveCfg = Release|Any CPU
		{0DCF98DF-DED0-4974-976F-F4540E933D28}.Release|Any CPU.Build.0 = Release|Any CPU
		{D64D12C6-B031-4388-8809-9A9426A262D1}.Debug|Any CPU.ActiveCfg = Debug|Any CPU
		{D64D12C6-B031-4388-8809-9A9426A262D1}.Debug|Any CPU.Build.0 = Debug|Any CPU
		{D64D12C6-B031-4388-8809-9A9426A262D1}.Release|Any CPU.ActiveCfg = Release|Any CPU
		{D64D12C6-B031-4388-8809-9A9426A262D1}.Release|Any CPU.Build.0 = Release|Any CPU
		{C7C8341E-EB3F-4C7D-B59D-4A7F81BB7F25}.Debug|Any CPU.ActiveCfg = Debug|Any CPU
		{C7C8341E-EB3F-4C7D-B59D-4A7F81BB7F25}.Debug|Any CPU.Build.0 = Debug|Any CPU
		{C7C8341E-EB3F-4C7D-B59D-4A7F81BB7F25}.Release|Any CPU.ActiveCfg = Release|Any CPU
		{C7C8341E-EB3F-4C7D-B59D-4A7F81BB7F25}.Release|Any CPU.Build.0 = Release|Any CPU
		{3521A940-69EC-4E4C-B384-32D3E8E7E355}.Debug|Any CPU.ActiveCfg = Debug|Any CPU
		{3521A940-69EC-4E4C-B384-32D3E8E7E355}.Debug|Any CPU.Build.0 = Debug|Any CPU
		{3521A940-69EC-4E4C-B384-32D3E8E7E355}.Release|Any CPU.ActiveCfg = Release|Any CPU
		{3521A940-69EC-4E4C-B384-32D3E8E7E355}.Release|Any CPU.Build.0 = Release|Any CPU
		{08FD1F12-1412-4E33-BA84-341B30390613}.Debug|Any CPU.ActiveCfg = Debug|Any CPU
		{08FD1F12-1412-4E33-BA84-341B30390613}.Debug|Any CPU.Build.0 = Debug|Any CPU
		{08FD1F12-1412-4E33-BA84-341B30390613}.Release|Any CPU.ActiveCfg = Release|Any CPU
		{08FD1F12-1412-4E33-BA84-341B30390613}.Release|Any CPU.Build.0 = Release|Any CPU
		{DC689AC3-F897-4B95-9DDD-465AF1A3ACF2}.Debug|Any CPU.ActiveCfg = Debug|Any CPU
		{DC689AC3-F897-4B95-9DDD-465AF1A3ACF2}.Debug|Any CPU.Build.0 = Debug|Any CPU
		{DC689AC3-F897-4B95-9DDD-465AF1A3ACF2}.Release|Any CPU.ActiveCfg = Release|Any CPU
		{DC689AC3-F897-4B95-9DDD-465AF1A3ACF2}.Release|Any CPU.Build.0 = Release|Any CPU
		{88AE4F0D-1FF3-4DA1-9A7F-87AB83729413}.Debug|Any CPU.ActiveCfg = Debug|Any CPU
		{88AE4F0D-1FF3-4DA1-9A7F-87AB83729413}.Debug|Any CPU.Build.0 = Debug|Any CPU
		{88AE4F0D-1FF3-4DA1-9A7F-87AB83729413}.Release|Any CPU.ActiveCfg = Release|Any CPU
		{88AE4F0D-1FF3-4DA1-9A7F-87AB83729413}.Release|Any CPU.Build.0 = Release|Any CPU
		{564CF1B6-43E9-4572-82DF-DF415FF6F0A2}.Debug|Any CPU.ActiveCfg = Debug|Any CPU
		{564CF1B6-43E9-4572-82DF-DF415FF6F0A2}.Debug|Any CPU.Build.0 = Debug|Any CPU
		{564CF1B6-43E9-4572-82DF-DF415FF6F0A2}.Release|Any CPU.ActiveCfg = Release|Any CPU
		{564CF1B6-43E9-4572-82DF-DF415FF6F0A2}.Release|Any CPU.Build.0 = Release|Any CPU
	EndGlobalSection
	GlobalSection(SolutionProperties) = preSolution
		HideSolutionNode = FALSE
	EndGlobalSection
	GlobalSection(NestedProjects) = preSolution
		{A8B2D4A8-42EC-4488-80A3-2936976366B2} = {42C446D4-D466-428B-9C1A-AE5F4D64B16B}
		{42C82FBB-3C9B-469E-A5B1-2C394646895C} = {54543C6A-FC28-4009-A880-6D1C292DA880}
		{6B1E2B33-2F9B-4147-8BA3-2B65C5C959FA} = {B6C78945-2FDD-4B81-96A8-F6F9D2F4100B}
		{0DCF98DF-DED0-4974-976F-F4540E933D28} = {42C446D4-D466-428B-9C1A-AE5F4D64B16B}
		{D64D12C6-B031-4388-8809-9A9426A262D1} = {54543C6A-FC28-4009-A880-6D1C292DA880}
		{C7C8341E-EB3F-4C7D-B59D-4A7F81BB7F25} = {54543C6A-FC28-4009-A880-6D1C292DA880}
		{3521A940-69EC-4E4C-B384-32D3E8E7E355} = {B6C78945-2FDD-4B81-96A8-F6F9D2F4100B}
		{08FD1F12-1412-4E33-BA84-341B30390613} = {B6C78945-2FDD-4B81-96A8-F6F9D2F4100B}
		{DC689AC3-F897-4B95-9DDD-465AF1A3ACF2} = {42C446D4-D466-428B-9C1A-AE5F4D64B16B}
		{88AE4F0D-1FF3-4DA1-9A7F-87AB83729413} = {E6055B4B-FF02-4257-9052-6CEDE60952B7}
		{581B9F69-B989-4DA6-85A6-97B06242248A} = {E6055B4B-FF02-4257-9052-6CEDE60952B7}
		{564CF1B6-43E9-4572-82DF-DF415FF6F0A2} = {E6055B4B-FF02-4257-9052-6CEDE60952B7}
	EndGlobalSection
	GlobalSection(ExtensibilityGlobals) = postSolution
		SolutionGuid = {ACF40DF1-0EB2-497E-8384-9DDB85728473}
	EndGlobalSection
EndGlobal
